// !$*UTF8*$!
{
	archiveVersion = 1;
	classes = {
	};
	objectVersion = 46;
	objects = {

/* Begin PBXBuildFile section */
		7EB7DADD155946E0005BF339 /* ESDatesCalculator.h in Headers */ = {isa = PBXBuildFile; fileRef = 7EB7DADB155946E0005BF339 /* ESDatesCalculator.h */; };
		7EB7DADE155946E0005BF339 /* ESDatesCalculator.mm in Sources */ = {isa = PBXBuildFile; fileRef = 7EB7DADC155946E0005BF339 /* ESDatesCalculator.mm */; };
		7EB7DAE71559476D005BF339 /* ESDatesCalculatorTest.m in Sources */ = {isa = PBXBuildFile; fileRef = 7EB7DAE61559476D005BF339 /* ESDatesCalculatorTest.m */; };
		7EB7DAE81559476D005BF339 /* ESDatesCalculatorTest.m in Sources */ = {isa = PBXBuildFile; fileRef = 7EB7DAE61559476D005BF339 /* ESDatesCalculatorTest.m */; };
		7EB7DB1115597154005BF339 /* NSDateComponentsFactory.h in Headers */ = {isa = PBXBuildFile; fileRef = 7EB7DB0F15597154005BF339 /* NSDateComponentsFactory.h */; };
		7EB7DB1215597154005BF339 /* NSDateComponentsFactory.m in Sources */ = {isa = PBXBuildFile; fileRef = 7EB7DB1015597154005BF339 /* NSDateComponentsFactory.m */; };
		7ED3E57B15400C1E008268CF /* Foundation.framework in Frameworks */ = {isa = PBXBuildFile; fileRef = 7ED3E57A15400C1E008268CF /* Foundation.framework */; };
		7ED3E58915400C1E008268CF /* SenTestingKit.framework in Frameworks */ = {isa = PBXBuildFile; fileRef = 7ED3E58815400C1E008268CF /* SenTestingKit.framework */; };
		7ED3E58B15400C1E008268CF /* UIKit.framework in Frameworks */ = {isa = PBXBuildFile; fileRef = 7ED3E58A15400C1E008268CF /* UIKit.framework */; };
		7ED3E58C15400C1E008268CF /* Foundation.framework in Frameworks */ = {isa = PBXBuildFile; fileRef = 7ED3E57A15400C1E008268CF /* Foundation.framework */; };
		7ED3E58F15400C1E008268CF /* libESLocale.a in Frameworks */ = {isa = PBXBuildFile; fileRef = 7ED3E57715400C1E008268CF /* libESLocale.a */; };
		7ED3E59515400C1E008268CF /* InfoPlist.strings in Resources */ = {isa = PBXBuildFile; fileRef = 7ED3E59315400C1E008268CF /* InfoPlist.strings */; };
		7ED3E59815400C1E008268CF /* ESLocaleTests.m in Sources */ = {isa = PBXBuildFile; fileRef = 7ED3E59715400C1E008268CF /* ESLocaleTests.m */; };
		7ED3E5A815400C8E008268CF /* ESLocaleTests.m in Sources */ = {isa = PBXBuildFile; fileRef = 7ED3E59715400C1E008268CF /* ESLocaleTests.m */; };
		7ED3E5AA15400C8E008268CF /* SenTestingKit.framework in Frameworks */ = {isa = PBXBuildFile; fileRef = 7ED3E58815400C1E008268CF /* SenTestingKit.framework */; };
		7ED3E5AB15400C8E008268CF /* UIKit.framework in Frameworks */ = {isa = PBXBuildFile; fileRef = 7ED3E58A15400C1E008268CF /* UIKit.framework */; };
		7ED3E5AC15400C8E008268CF /* Foundation.framework in Frameworks */ = {isa = PBXBuildFile; fileRef = 7ED3E57A15400C1E008268CF /* Foundation.framework */; };
		7ED3E5AD15400C8E008268CF /* libESLocale.a in Frameworks */ = {isa = PBXBuildFile; fileRef = 7ED3E57715400C1E008268CF /* libESLocale.a */; };
		7ED3E5AF15400C8E008268CF /* InfoPlist.strings in Resources */ = {isa = PBXBuildFile; fileRef = 7ED3E59315400C1E008268CF /* InfoPlist.strings */; };
		7ED3E5B915400CD9008268CF /* ESLocaleFactory.h in Headers */ = {isa = PBXBuildFile; fileRef = 7ED3E5B715400CD9008268CF /* ESLocaleFactory.h */; };
		7ED3E5BA15400CD9008268CF /* ESLocaleFactory.m in Sources */ = {isa = PBXBuildFile; fileRef = 7ED3E5B815400CD9008268CF /* ESLocaleFactory.m */; };
/* End PBXBuildFile section */

/* Begin PBXContainerItemProxy section */
		7ED3E58D15400C1E008268CF /* PBXContainerItemProxy */ = {
			isa = PBXContainerItemProxy;
			containerPortal = 7ED3E56E15400C1E008268CF /* Project object */;
			proxyType = 1;
			remoteGlobalIDString = 7ED3E57615400C1E008268CF;
			remoteInfo = ESLocale;
		};
		7ED3E5A615400C8E008268CF /* PBXContainerItemProxy */ = {
			isa = PBXContainerItemProxy;
			containerPortal = 7ED3E56E15400C1E008268CF /* Project object */;
			proxyType = 1;
			remoteGlobalIDString = 7ED3E57615400C1E008268CF;
			remoteInfo = ESLocale;
		};
/* End PBXContainerItemProxy section */

/* Begin PBXFileReference section */
		7EB7DADB155946E0005BF339 /* ESDatesCalculator.h */ = {isa = PBXFileReference; fileEncoding = 4; lastKnownFileType = sourcecode.c.h; path = ESDatesCalculator.h; sourceTree = "<group>"; };
		7EB7DADC155946E0005BF339 /* ESDatesCalculator.mm */ = {isa = PBXFileReference; fileEncoding = 4; lastKnownFileType = sourcecode.cpp.objcpp; path = ESDatesCalculator.mm; sourceTree = "<group>"; };
		7EB7DAE51559476D005BF339 /* ESDatesCalculatorTest.h */ = {isa = PBXFileReference; fileEncoding = 4; lastKnownFileType = sourcecode.c.h; path = ESDatesCalculatorTest.h; sourceTree = "<group>"; };
		7EB7DAE61559476D005BF339 /* ESDatesCalculatorTest.m */ = {isa = PBXFileReference; fileEncoding = 4; lastKnownFileType = sourcecode.c.objc; path = ESDatesCalculatorTest.m; sourceTree = "<group>"; };
		7EB7DB0F15597154005BF339 /* NSDateComponentsFactory.h */ = {isa = PBXFileReference; fileEncoding = 4; lastKnownFileType = sourcecode.c.h; path = NSDateComponentsFactory.h; sourceTree = "<group>"; };
		7EB7DB1015597154005BF339 /* NSDateComponentsFactory.m */ = {isa = PBXFileReference; fileEncoding = 4; lastKnownFileType = sourcecode.c.objc; path = NSDateComponentsFactory.m; sourceTree = "<group>"; };
		7ED3E57715400C1E008268CF /* libESLocale.a */ = {isa = PBXFileReference; explicitFileType = archive.ar; includeInIndex = 0; path = libESLocale.a; sourceTree = BUILT_PRODUCTS_DIR; };
		7ED3E57A15400C1E008268CF /* Foundation.framework */ = {isa = PBXFileReference; lastKnownFileType = wrapper.framework; name = Foundation.framework; path = System/Library/Frameworks/Foundation.framework; sourceTree = SDKROOT; };
		7ED3E57E15400C1E008268CF /* ESLocale-Prefix.pch */ = {isa = PBXFileReference; lastKnownFileType = sourcecode.c.h; path = "ESLocale-Prefix.pch"; sourceTree = "<group>"; };
		7ED3E57F15400C1E008268CF /* ESLocale.h */ = {isa = PBXFileReference; lastKnownFileType = sourcecode.c.h; path = ESLocale.h; sourceTree = "<group>"; };
		7ED3E58715400C1E008268CF /* ESLocaleTests.octest */ = {isa = PBXFileReference; explicitFileType = wrapper.cfbundle; includeInIndex = 0; path = ESLocaleTests.octest; sourceTree = BUILT_PRODUCTS_DIR; };
		7ED3E58815400C1E008268CF /* SenTestingKit.framework */ = {isa = PBXFileReference; lastKnownFileType = wrapper.framework; name = SenTestingKit.framework; path = Library/Frameworks/SenTestingKit.framework; sourceTree = DEVELOPER_DIR; };
		7ED3E58A15400C1E008268CF /* UIKit.framework */ = {isa = PBXFileReference; lastKnownFileType = wrapper.framework; name = UIKit.framework; path = Library/Frameworks/UIKit.framework; sourceTree = DEVELOPER_DIR; };
		7ED3E59215400C1E008268CF /* ESLocaleTests-Info.plist */ = {isa = PBXFileReference; lastKnownFileType = text.plist.xml; path = "ESLocaleTests-Info.plist"; sourceTree = "<group>"; };
		7ED3E59415400C1E008268CF /* en */ = {isa = PBXFileReference; lastKnownFileType = text.plist.strings; name = en; path = en.lproj/InfoPlist.strings; sourceTree = "<group>"; };
		7ED3E59615400C1E008268CF /* ESLocaleTests.h */ = {isa = PBXFileReference; lastKnownFileType = sourcecode.c.h; path = ESLocaleTests.h; sourceTree = "<group>"; };
		7ED3E59715400C1E008268CF /* ESLocaleTests.m */ = {isa = PBXFileReference; lastKnownFileType = sourcecode.c.objc; path = ESLocaleTests.m; sourceTree = "<group>"; };
		7ED3E5B515400C8E008268CF /* ESLocaleTests copy.octest */ = {isa = PBXFileReference; explicitFileType = wrapper.cfbundle; includeInIndex = 0; path = "ESLocaleTests copy.octest"; sourceTree = BUILT_PRODUCTS_DIR; };
		7ED3E5B615400C8F008268CF /* ESLocaleTests copy-Info.plist */ = {isa = PBXFileReference; lastKnownFileType = text.plist.xml; name = "ESLocaleTests copy-Info.plist"; path = "/Volumes/NO NAME/Mobile/Mobile SDK/lib-third-party/ESLocale/ESLocaleTests copy-Info.plist"; sourceTree = "<absolute>"; };
		7ED3E5B715400CD9008268CF /* ESLocaleFactory.h */ = {isa = PBXFileReference; fileEncoding = 4; lastKnownFileType = sourcecode.c.h; path = ESLocaleFactory.h; sourceTree = "<group>"; };
		7ED3E5B815400CD9008268CF /* ESLocaleFactory.m */ = {isa = PBXFileReference; fileEncoding = 4; lastKnownFileType = sourcecode.c.objc; path = ESLocaleFactory.m; sourceTree = "<group>"; };
/* End PBXFileReference section */

/* Begin PBXFrameworksBuildPhase section */
		7ED3E57415400C1E008268CF /* Frameworks */ = {
			isa = PBXFrameworksBuildPhase;
			buildActionMask = 2147483647;
			files = (
				7ED3E57B15400C1E008268CF /* Foundation.framework in Frameworks */,
			);
			runOnlyForDeploymentPostprocessing = 0;
		};
		7ED3E58315400C1E008268CF /* Frameworks */ = {
			isa = PBXFrameworksBuildPhase;
			buildActionMask = 2147483647;
			files = (
				7ED3E58915400C1E008268CF /* SenTestingKit.framework in Frameworks */,
				7ED3E58B15400C1E008268CF /* UIKit.framework in Frameworks */,
				7ED3E58C15400C1E008268CF /* Foundation.framework in Frameworks */,
				7ED3E58F15400C1E008268CF /* libESLocale.a in Frameworks */,
			);
			runOnlyForDeploymentPostprocessing = 0;
		};
		7ED3E5A915400C8E008268CF /* Frameworks */ = {
			isa = PBXFrameworksBuildPhase;
			buildActionMask = 2147483647;
			files = (
				7ED3E5AA15400C8E008268CF /* SenTestingKit.framework in Frameworks */,
				7ED3E5AB15400C8E008268CF /* UIKit.framework in Frameworks */,
				7ED3E5AC15400C8E008268CF /* Foundation.framework in Frameworks */,
				7ED3E5AD15400C8E008268CF /* libESLocale.a in Frameworks */,
			);
			runOnlyForDeploymentPostprocessing = 0;
		};
/* End PBXFrameworksBuildPhase section */

/* Begin PBXGroup section */
		7EB7DB0D1559713C005BF339 /* Detail */ = {
			isa = PBXGroup;
			children = (
				7EB7DB0F15597154005BF339 /* NSDateComponentsFactory.h */,
				7EB7DB1015597154005BF339 /* NSDateComponentsFactory.m */,
			);
			path = Detail;
			sourceTree = "<group>";
		};
		7ED3E56C15400C1E008268CF = {
			isa = PBXGroup;
			children = (
				7ED3E57C15400C1E008268CF /* ESLocale */,
				7ED3E59015400C1E008268CF /* ESLocaleTests */,
				7ED3E57915400C1E008268CF /* Frameworks */,
				7ED3E57815400C1E008268CF /* Products */,
				7ED3E5B615400C8F008268CF /* ESLocaleTests copy-Info.plist */,
			);
			sourceTree = "<group>";
		};
		7ED3E57815400C1E008268CF /* Products */ = {
			isa = PBXGroup;
			children = (
				7ED3E57715400C1E008268CF /* libESLocale.a */,
				7ED3E58715400C1E008268CF /* ESLocaleTests.octest */,
				7ED3E5B515400C8E008268CF /* ESLocaleTests copy.octest */,
			);
			name = Products;
			sourceTree = "<group>";
		};
		7ED3E57915400C1E008268CF /* Frameworks */ = {
			isa = PBXGroup;
			children = (
				7ED3E57A15400C1E008268CF /* Foundation.framework */,
				7ED3E58815400C1E008268CF /* SenTestingKit.framework */,
				7ED3E58A15400C1E008268CF /* UIKit.framework */,
			);
			name = Frameworks;
			sourceTree = "<group>";
		};
		7ED3E57C15400C1E008268CF /* ESLocale */ = {
			isa = PBXGroup;
			children = (
				7ED3E57D15400C1E008268CF /* Supporting Files */,
				7ED3E57F15400C1E008268CF /* ESLocale.h */,
				7EB7DB0D1559713C005BF339 /* Detail */,
				7ED3E5B715400CD9008268CF /* ESLocaleFactory.h */,
				7ED3E5B815400CD9008268CF /* ESLocaleFactory.m */,
				7EB7DADB155946E0005BF339 /* ESDatesCalculator.h */,
				7EB7DADC155946E0005BF339 /* ESDatesCalculator.mm */,
			);
			path = ESLocale;
			sourceTree = "<group>";
		};
		7ED3E57D15400C1E008268CF /* Supporting Files */ = {
			isa = PBXGroup;
			children = (
				7ED3E57E15400C1E008268CF /* ESLocale-Prefix.pch */,
			);
			name = "Supporting Files";
			sourceTree = "<group>";
		};
		7ED3E59015400C1E008268CF /* ESLocaleTests */ = {
			isa = PBXGroup;
			children = (
				7ED3E59115400C1E008268CF /* Supporting Files */,
				7ED3E59615400C1E008268CF /* ESLocaleTests.h */,
				7ED3E59715400C1E008268CF /* ESLocaleTests.m */,
				7EB7DAE51559476D005BF339 /* ESDatesCalculatorTest.h */,
				7EB7DAE61559476D005BF339 /* ESDatesCalculatorTest.m */,
			);
			path = ESLocaleTests;
			sourceTree = "<group>";
		};
		7ED3E59115400C1E008268CF /* Supporting Files */ = {
			isa = PBXGroup;
			children = (
				7ED3E59215400C1E008268CF /* ESLocaleTests-Info.plist */,
				7ED3E59315400C1E008268CF /* InfoPlist.strings */,
			);
			name = "Supporting Files";
			sourceTree = "<group>";
		};
/* End PBXGroup section */

/* Begin PBXHeadersBuildPhase section */
		7ED3E57515400C1E008268CF /* Headers */ = {
			isa = PBXHeadersBuildPhase;
			buildActionMask = 2147483647;
			files = (
				7ED3E5B915400CD9008268CF /* ESLocaleFactory.h in Headers */,
				7EB7DADD155946E0005BF339 /* ESDatesCalculator.h in Headers */,
				7EB7DB1115597154005BF339 /* NSDateComponentsFactory.h in Headers */,
			);
			runOnlyForDeploymentPostprocessing = 0;
		};
/* End PBXHeadersBuildPhase section */

/* Begin PBXNativeTarget section */
		7ED3E57615400C1E008268CF /* ESLocale */ = {
			isa = PBXNativeTarget;
			buildConfigurationList = 7ED3E59B15400C1E008268CF /* Build configuration list for PBXNativeTarget "ESLocale" */;
			buildPhases = (
				7ED3E57315400C1E008268CF /* Sources */,
				7ED3E57415400C1E008268CF /* Frameworks */,
				7ED3E57515400C1E008268CF /* Headers */,
			);
			buildRules = (
			);
			dependencies = (
			);
			name = ESLocale;
			productName = ESLocale;
			productReference = 7ED3E57715400C1E008268CF /* libESLocale.a */;
			productType = "com.apple.product-type.library.static";
		};
		7ED3E58615400C1E008268CF /* ESLocaleTests */ = {
			isa = PBXNativeTarget;
			buildConfigurationList = 7ED3E59E15400C1E008268CF /* Build configuration list for PBXNativeTarget "ESLocaleTests" */;
			buildPhases = (
				7ED3E58215400C1E008268CF /* Sources */,
				7ED3E58315400C1E008268CF /* Frameworks */,
				7ED3E58415400C1E008268CF /* Resources */,
				7ED3E58515400C1E008268CF /* ShellScript */,
			);
			buildRules = (
			);
			dependencies = (
				7ED3E58E15400C1E008268CF /* PBXTargetDependency */,
			);
			name = ESLocaleTests;
			productName = ESLocaleTests;
			productReference = 7ED3E58715400C1E008268CF /* ESLocaleTests.octest */;
			productType = "com.apple.product-type.bundle";
		};
		7ED3E5A415400C8E008268CF /* ESLocaleTests-CI */ = {
			isa = PBXNativeTarget;
			buildConfigurationList = 7ED3E5B115400C8E008268CF /* Build configuration list for PBXNativeTarget "ESLocaleTests-CI" */;
			buildPhases = (
				7ED3E5A715400C8E008268CF /* Sources */,
				7ED3E5A915400C8E008268CF /* Frameworks */,
				7ED3E5AE15400C8E008268CF /* Resources */,
				7ED3E5B015400C8E008268CF /* ShellScript */,
			);
			buildRules = (
			);
			dependencies = (
				7ED3E5A515400C8E008268CF /* PBXTargetDependency */,
			);
			name = "ESLocaleTests-CI";
			productName = ESLocaleTests;
			productReference = 7ED3E5B515400C8E008268CF /* ESLocaleTests copy.octest */;
			productType = "com.apple.product-type.bundle";
		};
/* End PBXNativeTarget section */

/* Begin PBXProject section */
		7ED3E56E15400C1E008268CF /* Project object */ = {
			isa = PBXProject;
			attributes = {
				LastUpgradeCheck = 0430;
				ORGANIZATIONNAME = Sitecore;
			};
			buildConfigurationList = 7ED3E57115400C1E008268CF /* Build configuration list for PBXProject "ESLocale" */;
			compatibilityVersion = "Xcode 3.2";
			developmentRegion = English;
			hasScannedForEncodings = 0;
			knownRegions = (
				en,
			);
			mainGroup = 7ED3E56C15400C1E008268CF;
			productRefGroup = 7ED3E57815400C1E008268CF /* Products */;
			projectDirPath = "";
			projectRoot = "";
			targets = (
				7ED3E57615400C1E008268CF /* ESLocale */,
				7ED3E58615400C1E008268CF /* ESLocaleTests */,
				7ED3E5A415400C8E008268CF /* ESLocaleTests-CI */,
			);
		};
/* End PBXProject section */

/* Begin PBXResourcesBuildPhase section */
		7ED3E58415400C1E008268CF /* Resources */ = {
			isa = PBXResourcesBuildPhase;
			buildActionMask = 2147483647;
			files = (
				7ED3E59515400C1E008268CF /* InfoPlist.strings in Resources */,
			);
			runOnlyForDeploymentPostprocessing = 0;
		};
		7ED3E5AE15400C8E008268CF /* Resources */ = {
			isa = PBXResourcesBuildPhase;
			buildActionMask = 2147483647;
			files = (
				7ED3E5AF15400C8E008268CF /* InfoPlist.strings in Resources */,
			);
			runOnlyForDeploymentPostprocessing = 0;
		};
/* End PBXResourcesBuildPhase section */

/* Begin PBXShellScriptBuildPhase section */
		7ED3E58515400C1E008268CF /* ShellScript */ = {
			isa = PBXShellScriptBuildPhase;
			buildActionMask = 2147483647;
			files = (
			);
			inputPaths = (
			);
			outputPaths = (
			);
			runOnlyForDeploymentPostprocessing = 0;
			shellPath = /bin/sh;
			shellScript = "# Run the unit tests in this test bundle.\n\"${SYSTEM_DEVELOPER_DIR}/Tools/RunUnitTests\"\n";
		};
		7ED3E5B015400C8E008268CF /* ShellScript */ = {
			isa = PBXShellScriptBuildPhase;
			buildActionMask = 2147483647;
			files = (
			);
			inputPaths = (
			);
			outputPaths = (
			);
			runOnlyForDeploymentPostprocessing = 0;
			shellPath = /bin/sh;
			shellScript = "# Run the unit tests in this test bundle.\n\"${SYSTEM_DEVELOPER_DIR}/Tools/RunUnitTests\"\n";
		};
/* End PBXShellScriptBuildPhase section */

/* Begin PBXSourcesBuildPhase section */
		7ED3E57315400C1E008268CF /* Sources */ = {
			isa = PBXSourcesBuildPhase;
			buildActionMask = 2147483647;
			files = (
				7ED3E5BA15400CD9008268CF /* ESLocaleFactory.m in Sources */,
				7EB7DADE155946E0005BF339 /* ESDatesCalculator.mm in Sources */,
				7EB7DB1215597154005BF339 /* NSDateComponentsFactory.m in Sources */,
			);
			runOnlyForDeploymentPostprocessing = 0;
		};
		7ED3E58215400C1E008268CF /* Sources */ = {
			isa = PBXSourcesBuildPhase;
			buildActionMask = 2147483647;
			files = (
				7ED3E59815400C1E008268CF /* ESLocaleTests.m in Sources */,
				7EB7DAE71559476D005BF339 /* ESDatesCalculatorTest.m in Sources */,
			);
			runOnlyForDeploymentPostprocessing = 0;
		};
		7ED3E5A715400C8E008268CF /* Sources */ = {
			isa = PBXSourcesBuildPhase;
			buildActionMask = 2147483647;
			files = (
				7ED3E5A815400C8E008268CF /* ESLocaleTests.m in Sources */,
				7EB7DAE81559476D005BF339 /* ESDatesCalculatorTest.m in Sources */,
			);
			runOnlyForDeploymentPostprocessing = 0;
		};
/* End PBXSourcesBuildPhase section */

/* Begin PBXTargetDependency section */
		7ED3E58E15400C1E008268CF /* PBXTargetDependency */ = {
			isa = PBXTargetDependency;
			target = 7ED3E57615400C1E008268CF /* ESLocale */;
			targetProxy = 7ED3E58D15400C1E008268CF /* PBXContainerItemProxy */;
		};
		7ED3E5A515400C8E008268CF /* PBXTargetDependency */ = {
			isa = PBXTargetDependency;
			target = 7ED3E57615400C1E008268CF /* ESLocale */;
			targetProxy = 7ED3E5A615400C8E008268CF /* PBXContainerItemProxy */;
		};
/* End PBXTargetDependency section */

/* Begin PBXVariantGroup section */
		7ED3E59315400C1E008268CF /* InfoPlist.strings */ = {
			isa = PBXVariantGroup;
			children = (
				7ED3E59415400C1E008268CF /* en */,
			);
			name = InfoPlist.strings;
			sourceTree = "<group>";
		};
/* End PBXVariantGroup section */

/* Begin XCBuildConfiguration section */
		7ED3E59915400C1E008268CF /* Debug */ = {
			isa = XCBuildConfiguration;
			buildSettings = {
				ALWAYS_SEARCH_USER_PATHS = NO;
				ARCHS = "$(ARCHS_STANDARD_32_BIT)";
				CLANG_CXX_LANGUAGE_STANDARD = "c++0x";
				CLANG_CXX_LIBRARY = "libc++";
				CLANG_ENABLE_OBJC_ARC = YES;
				CLANG_WARN_IMPLICIT_SIGN_CONVERSION = YES;
				CLANG_WARN_OBJCPP_ARC_ABI = YES;
				CLANG_WARN_OBJC_IMPLICIT_ATOMIC_PROPERTIES = YES;
				COPY_PHASE_STRIP = NO;
				GCC_C_LANGUAGE_STANDARD = gnu99;
				GCC_DYNAMIC_NO_PIC = NO;
				GCC_OPTIMIZATION_LEVEL = 0;
				GCC_PREPROCESSOR_DEFINITIONS = (
					"DEBUG=1",
					"$(inherited)",
				);
				GCC_SYMBOLS_PRIVATE_EXTERN = NO;
				GCC_TREAT_WARNINGS_AS_ERRORS = YES;
				GCC_VERSION = com.apple.compilers.llvm.clang.1_0;
				GCC_WARN_64_TO_32_BIT_CONVERSION = YES;
				GCC_WARN_ABOUT_MISSING_NEWLINE = YES;
				GCC_WARN_ABOUT_RETURN_TYPE = YES;
				GCC_WARN_SIGN_COMPARE = YES;
				GCC_WARN_UNINITIALIZED_AUTOS = YES;
				GCC_WARN_UNUSED_VARIABLE = YES;
				HEADER_SEARCH_PATHS = (
					..,
					.,
				);
				IPHONEOS_DEPLOYMENT_TARGET = 5.1;
				OTHER_LDFLAGS = "-all_load";
				SDKROOT = iphoneos;
			};
			name = Debug;
		};
		7ED3E59A15400C1E008268CF /* Release */ = {
			isa = XCBuildConfiguration;
			buildSettings = {
				ALWAYS_SEARCH_USER_PATHS = NO;
				ARCHS = "$(ARCHS_STANDARD_32_BIT)";
				CLANG_CXX_LANGUAGE_STANDARD = "c++0x";
				CLANG_CXX_LIBRARY = "libc++";
				CLANG_ENABLE_OBJC_ARC = YES;
				CLANG_WARN_IMPLICIT_SIGN_CONVERSION = YES;
				CLANG_WARN_OBJCPP_ARC_ABI = YES;
				CLANG_WARN_OBJC_IMPLICIT_ATOMIC_PROPERTIES = YES;
				COPY_PHASE_STRIP = YES;
				GCC_C_LANGUAGE_STANDARD = gnu99;
				GCC_TREAT_WARNINGS_AS_ERRORS = YES;
				GCC_VERSION = com.apple.compilers.llvm.clang.1_0;
				GCC_WARN_64_TO_32_BIT_CONVERSION = YES;
				GCC_WARN_ABOUT_MISSING_NEWLINE = YES;
				GCC_WARN_ABOUT_RETURN_TYPE = YES;
				GCC_WARN_SIGN_COMPARE = YES;
				GCC_WARN_UNINITIALIZED_AUTOS = YES;
				GCC_WARN_UNUSED_VARIABLE = YES;
				HEADER_SEARCH_PATHS = (
					..,
					.,
				);
				IPHONEOS_DEPLOYMENT_TARGET = 5.1;
				OTHER_LDFLAGS = "-all_load";
				SDKROOT = iphoneos;
				VALIDATE_PRODUCT = YES;
			};
			name = Release;
		};
		7ED3E59C15400C1E008268CF /* Debug */ = {
			isa = XCBuildConfiguration;
			buildSettings = {
				DSTROOT = /tmp/ESLocale.dst;
				GCC_PRECOMPILE_PREFIX_HEADER = YES;
				GCC_PREFIX_HEADER = "ESLocale/ESLocale-Prefix.pch";
				OTHER_LDFLAGS = "-ObjC";
				PRODUCT_NAME = "$(TARGET_NAME)";
				SKIP_INSTALL = YES;
			};
			name = Debug;
		};
		7ED3E59D15400C1E008268CF /* Release */ = {
			isa = XCBuildConfiguration;
			buildSettings = {
				DSTROOT = /tmp/ESLocale.dst;
				GCC_PRECOMPILE_PREFIX_HEADER = YES;
				GCC_PREFIX_HEADER = "ESLocale/ESLocale-Prefix.pch";
				OTHER_LDFLAGS = "-ObjC";
				PRODUCT_NAME = "$(TARGET_NAME)";
				SKIP_INSTALL = YES;
			};
			name = Release;
		};
		7ED3E59F15400C1E008268CF /* Debug */ = {
			isa = XCBuildConfiguration;
			buildSettings = {
				FRAMEWORK_SEARCH_PATHS = (
					"$(SDKROOT)/Developer/Library/Frameworks",
					"$(DEVELOPER_LIBRARY_DIR)/Frameworks",
				);
				GCC_PRECOMPILE_PREFIX_HEADER = YES;
				GCC_PREFIX_HEADER = "ESLocale/ESLocale-Prefix.pch";
				GCC_TREAT_WARNINGS_AS_ERRORS = NO;
				INFOPLIST_FILE = "ESLocaleTests/ESLocaleTests-Info.plist";
				PRODUCT_NAME = "$(TARGET_NAME)";
				WRAPPER_EXTENSION = octest;
			};
			name = Debug;
		};
		7ED3E5A015400C1E008268CF /* Release */ = {
			isa = XCBuildConfiguration;
			buildSettings = {
				FRAMEWORK_SEARCH_PATHS = (
					"$(SDKROOT)/Developer/Library/Frameworks",
					"$(DEVELOPER_LIBRARY_DIR)/Frameworks",
				);
				GCC_PRECOMPILE_PREFIX_HEADER = YES;
				GCC_PREFIX_HEADER = "ESLocale/ESLocale-Prefix.pch";
				GCC_TREAT_WARNINGS_AS_ERRORS = NO;
				INFOPLIST_FILE = "ESLocaleTests/ESLocaleTests-Info.plist";
				PRODUCT_NAME = "$(TARGET_NAME)";
				WRAPPER_EXTENSION = octest;
			};
			name = Release;
		};
		7ED3E5A115400C2A008268CF /* Coverage */ = {
			isa = XCBuildConfiguration;
			buildSettings = {
				ALWAYS_SEARCH_USER_PATHS = NO;
				ARCHS = "$(ARCHS_STANDARD_32_BIT)";
				CLANG_CXX_LANGUAGE_STANDARD = "c++0x";
				CLANG_CXX_LIBRARY = "libc++";
				CLANG_ENABLE_OBJC_ARC = YES;
				CLANG_WARN_IMPLICIT_SIGN_CONVERSION = YES;
				CLANG_WARN_OBJCPP_ARC_ABI = YES;
				CLANG_WARN_OBJC_IMPLICIT_ATOMIC_PROPERTIES = YES;
				COPY_PHASE_STRIP = NO;
				GCC_C_LANGUAGE_STANDARD = gnu99;
				GCC_DYNAMIC_NO_PIC = NO;
				GCC_GENERATE_TEST_COVERAGE_FILES = YES;
				GCC_INSTRUMENT_PROGRAM_FLOW_ARCS = YES;
				GCC_OPTIMIZATION_LEVEL = 0;
				GCC_PREPROCESSOR_DEFINITIONS = (
					"DEBUG=1",
					"$(inherited)",
				);
				GCC_SYMBOLS_PRIVATE_EXTERN = NO;
				GCC_TREAT_WARNINGS_AS_ERRORS = YES;
				GCC_VERSION = com.apple.compilers.llvm.clang.1_0;
				GCC_WARN_64_TO_32_BIT_CONVERSION = YES;
				GCC_WARN_ABOUT_MISSING_NEWLINE = YES;
				GCC_WARN_ABOUT_RETURN_TYPE = YES;
				GCC_WARN_SIGN_COMPARE = YES;
				GCC_WARN_UNINITIALIZED_AUTOS = YES;
				GCC_WARN_UNUSED_VARIABLE = YES;
				HEADER_SEARCH_PATHS = (
					..,
					.,
				);
				IPHONEOS_DEPLOYMENT_TARGET = 5.1;
				OTHER_LDFLAGS = (
					"-all_load",
					"-L../",
					"-lCoverageFopenFix",
				);
				SDKROOT = iphoneos;
			};
			name = Coverage;
		};
		7ED3E5A215400C2A008268CF /* Coverage */ = {
			isa = XCBuildConfiguration;
			buildSettings = {
				DSTROOT = /tmp/ESLocale.dst;
				GCC_PRECOMPILE_PREFIX_HEADER = YES;
				GCC_PREFIX_HEADER = "ESLocale/ESLocale-Prefix.pch";
				OTHER_LDFLAGS = "-ObjC";
				PRODUCT_NAME = "$(TARGET_NAME)";
				SKIP_INSTALL = YES;
			};
			name = Coverage;
		};
		7ED3E5A315400C2A008268CF /* Coverage */ = {
			isa = XCBuildConfiguration;
			buildSettings = {
				FRAMEWORK_SEARCH_PATHS = (
					"$(SDKROOT)/Developer/Library/Frameworks",
					"$(DEVELOPER_LIBRARY_DIR)/Frameworks",
				);
				GCC_PRECOMPILE_PREFIX_HEADER = YES;
				GCC_PREFIX_HEADER = "ESLocale/ESLocale-Prefix.pch";
				GCC_TREAT_WARNINGS_AS_ERRORS = NO;
				INFOPLIST_FILE = "ESLocaleTests/ESLocaleTests-Info.plist";
				PRODUCT_NAME = "$(TARGET_NAME)";
				WRAPPER_EXTENSION = octest;
			};
			name = Coverage;
		};
		7ED3E5B215400C8E008268CF /* Debug */ = {
			isa = XCBuildConfiguration;
			buildSettings = {
				FRAMEWORK_SEARCH_PATHS = (
					"$(SDKROOT)/Developer/Library/Frameworks",
					"$(DEVELOPER_LIBRARY_DIR)/Frameworks",
				);
				GCC_PRECOMPILE_PREFIX_HEADER = YES;
				GCC_PREFIX_HEADER = "ESLocale/ESLocale-Prefix.pch";
				GCC_TREAT_WARNINGS_AS_ERRORS = NO;
				INFOPLIST_FILE = "ESLocaleTests copy-Info.plist";
				PRODUCT_NAME = "ESLocaleTests copy";
				TEST_AFTER_BUILD = YES;
				WRAPPER_EXTENSION = octest;
			};
			name = Debug;
		};
		7ED3E5B315400C8E008268CF /* Coverage */ = {
			isa = XCBuildConfiguration;
			buildSettings = {
				FRAMEWORK_SEARCH_PATHS = (
					"$(SDKROOT)/Developer/Library/Frameworks",
					"$(DEVELOPER_LIBRARY_DIR)/Frameworks",
				);
				GCC_PRECOMPILE_PREFIX_HEADER = YES;
				GCC_PREFIX_HEADER = "ESLocale/ESLocale-Prefix.pch";
				GCC_TREAT_WARNINGS_AS_ERRORS = NO;
				INFOPLIST_FILE = "ESLocaleTests copy-Info.plist";
				PRODUCT_NAME = "ESLocaleTests copy";
				TEST_AFTER_BUILD = YES;
				WRAPPER_EXTENSION = octest;
			};
			name = Coverage;
		};
		7ED3E5B415400C8E008268CF /* Release */ = {
			isa = XCBuildConfiguration;
			buildSettings = {
				FRAMEWORK_SEARCH_PATHS = (
					"$(SDKROOT)/Developer/Library/Frameworks",
					"$(DEVELOPER_LIBRARY_DIR)/Frameworks",
				);
				GCC_PRECOMPILE_PREFIX_HEADER = YES;
				GCC_PREFIX_HEADER = "ESLocale/ESLocale-Prefix.pch";
				GCC_TREAT_WARNINGS_AS_ERRORS = NO;
				INFOPLIST_FILE = "ESLocaleTests copy-Info.plist";
				PRODUCT_NAME = "ESLocaleTests copy";
				TEST_AFTER_BUILD = YES;
				WRAPPER_EXTENSION = octest;
			};
			name = Release;
		};
/* End XCBuildConfiguration section */

/* Begin XCConfigurationList section */
		7ED3E57115400C1E008268CF /* Build configuration list for PBXProject "ESLocale" */ = {
			isa = XCConfigurationList;
			buildConfigurations = (
				7ED3E59915400C1E008268CF /* Debug */,
				7ED3E5A115400C2A008268CF /* Coverage */,
				7ED3E59A15400C1E008268CF /* Release */,
			);
			defaultConfigurationIsVisible = 0;
			defaultConfigurationName = Release;
		};
		7ED3E59B15400C1E008268CF /* Build configuration list for PBXNativeTarget "ESLocale" */ = {
			isa = XCConfigurationList;
			buildConfigurations = (
				7ED3E59C15400C1E008268CF /* Debug */,
				7ED3E5A215400C2A008268CF /* Coverage */,
				7ED3E59D15400C1E008268CF /* Release */,
			);
			defaultConfigurationIsVisible = 0;
			defaultConfigurationName = Release;
		};
		7ED3E59E15400C1E008268CF /* Build configuration list for PBXNativeTarget "ESLocaleTests" */ = {
			isa = XCConfigurationList;
			buildConfigurations = (
				7ED3E59F15400C1E008268CF /* Debug */,
				7ED3E5A315400C2A008268CF /* Coverage */,
				7ED3E5A015400C1E008268CF /* Release */,
			);
			defaultConfigurationIsVisible = 0;
			defaultConfigurationName = Release;
		};
		7ED3E5B115400C8E008268CF /* Build configuration list for PBXNativeTarget "ESLocaleTests-CI" */ = {
			isa = XCConfigurationList;
			buildConfigurations = (
				7ED3E5B215400C8E008268CF /* Debug */,
				7ED3E5B315400C8E008268CF /* Coverage */,
				7ED3E5B415400C8E008268CF /* Release */,
			);
			defaultConfigurationIsVisible = 0;
			defaultConfigurationName = Release;
		};
/* End XCConfigurationList section */
	};
	rootObject = 7ED3E56E15400C1E008268CF /* Project object */;
}
